// !$*UTF8*$!
{
	archiveVersion = 1;
	classes = {
	};
	objectVersion = 52;
	objects = {

/* Begin PBXBuildFile section */
		3E45099427405B4A0061C4FF /* UIImage.swift in Sources */ = {isa = PBXBuildFile; fileRef = 3E45099327405B4A0061C4FF /* UIImage.swift */; };
		3E54126C26FCF6E700CF8F5D /* SnapKit in Frameworks */ = {isa = PBXBuildFile; productRef = 3E54126B26FCF6E700CF8F5D /* SnapKit */; };
		3E54126F26FCF71F00CF8F5D /* SwiftSoup in Frameworks */ = {isa = PBXBuildFile; productRef = 3E54126E26FCF71F00CF8F5D /* SwiftSoup */; };
		3E54127226FCF76400CF8F5D /* Kingfisher in Frameworks */ = {isa = PBXBuildFile; productRef = 3E54127126FCF76400CF8F5D /* Kingfisher */; };
		3E9F153726E5129600AD65B7 /* AppDelegate.swift in Sources */ = {isa = PBXBuildFile; fileRef = 3E9F153626E5129600AD65B7 /* AppDelegate.swift */; };
		3E9F154026E5129A00AD65B7 /* Assets.xcassets in Resources */ = {isa = PBXBuildFile; fileRef = 3E9F153F26E5129A00AD65B7 /* Assets.xcassets */; };
		3E9F154326E5129A00AD65B7 /* LaunchScreen.storyboard in Resources */ = {isa = PBXBuildFile; fileRef = 3E9F154126E5129A00AD65B7 /* LaunchScreen.storyboard */; };
		3E9F155226E51FBD00AD65B7 /* MainParserPresenter.swift in Sources */ = {isa = PBXBuildFile; fileRef = 3E9F154B26E51FBC00AD65B7 /* MainParserPresenter.swift */; };
		3E9F155326E51FBD00AD65B7 /* MainParserWorker.swift in Sources */ = {isa = PBXBuildFile; fileRef = 3E9F154C26E51FBC00AD65B7 /* MainParserWorker.swift */; };
		3E9F155426E51FBD00AD65B7 /* MainParserRouter.swift in Sources */ = {isa = PBXBuildFile; fileRef = 3E9F154D26E51FBC00AD65B7 /* MainParserRouter.swift */; };
		3E9F155526E51FBD00AD65B7 /* MainParserModels.swift in Sources */ = {isa = PBXBuildFile; fileRef = 3E9F154E26E51FBC00AD65B7 /* MainParserModels.swift */; };
		3E9F155626E51FBD00AD65B7 /* MainParserViewController.swift in Sources */ = {isa = PBXBuildFile; fileRef = 3E9F154F26E51FBC00AD65B7 /* MainParserViewController.swift */; };
		3E9F155726E51FBD00AD65B7 /* MainParserInteractor.swift in Sources */ = {isa = PBXBuildFile; fileRef = 3E9F155026E51FBC00AD65B7 /* MainParserInteractor.swift */; };
		3E9F155B26E5229900AD65B7 /* ParsingService.swift in Sources */ = {isa = PBXBuildFile; fileRef = 3E9F155A26E5229900AD65B7 /* ParsingService.swift */; };
		3E9F155D26E5245400AD65B7 /* NetworkDataFecther.swift in Sources */ = {isa = PBXBuildFile; fileRef = 3E9F155C26E5245400AD65B7 /* NetworkDataFecther.swift */; };
		3E9F155F26E526CB00AD65B7 /* NetworkService.swift in Sources */ = {isa = PBXBuildFile; fileRef = 3E9F155E26E526CB00AD65B7 /* NetworkService.swift */; };
		3EB07CE92712151600ACB989 /* LoadingCell.swift in Sources */ = {isa = PBXBuildFile; fileRef = 3EB07CE82712151600ACB989 /* LoadingCell.swift */; };
		3EB09830272AF9A70034A570 /* UILabel.swift in Sources */ = {isa = PBXBuildFile; fileRef = 3EB0982F272AF9A60034A570 /* UILabel.swift */; };
		3EB09832272B02D60034A570 /* AlertManager.swift in Sources */ = {isa = PBXBuildFile; fileRef = 3EB09831272B02D60034A570 /* AlertManager.swift */; };
		3EBE817E272D555200A4212D /* MainCollectionView.swift in Sources */ = {isa = PBXBuildFile; fileRef = 3EBE817D272D555200A4212D /* MainCollectionView.swift */; };
		3EBE8182272D587C00A4212D /* TitileCollectionCell.swift in Sources */ = {isa = PBXBuildFile; fileRef = 3EBE8181272D587C00A4212D /* TitileCollectionCell.swift */; };
		3ECC7227272D0B5400ABDA3C /* MainListTableView.swift.swift in Sources */ = {isa = PBXBuildFile; fileRef = 3ECC7226272D0B5400ABDA3C /* MainListTableView.swift.swift */; };
		3EFFBF8226FF71E30083CA56 /* MangaModels.swift in Sources */ = {isa = PBXBuildFile; fileRef = 3EFFBF8126FF71E30083CA56 /* MangaModels.swift */; };
		3EFFBF85270073F80083CA56 /* MangaTitleCell.swift in Sources */ = {isa = PBXBuildFile; fileRef = 3EFFBF84270073F80083CA56 /* MangaTitleCell.swift */; };
		3EFFBF882700A8D10083CA56 /* Extension.swift in Sources */ = {isa = PBXBuildFile; fileRef = 3EFFBF872700A8D00083CA56 /* Extension.swift */; };
/* End PBXBuildFile section */

/* Begin PBXFileReference section */
		3E45099327405B4A0061C4FF /* UIImage.swift */ = {isa = PBXFileReference; lastKnownFileType = sourcecode.swift; path = UIImage.swift; sourceTree = "<group>"; };
		3E9F153326E5129600AD65B7 /* Parser.app */ = {isa = PBXFileReference; explicitFileType = wrapper.application; includeInIndex = 0; path = Parser.app; sourceTree = BUILT_PRODUCTS_DIR; };
		3E9F153626E5129600AD65B7 /* AppDelegate.swift */ = {isa = PBXFileReference; lastKnownFileType = sourcecode.swift; path = AppDelegate.swift; sourceTree = "<group>"; };
		3E9F153F26E5129A00AD65B7 /* Assets.xcassets */ = {isa = PBXFileReference; lastKnownFileType = folder.assetcatalog; path = Assets.xcassets; sourceTree = "<group>"; };
		3E9F154226E5129A00AD65B7 /* Base */ = {isa = PBXFileReference; lastKnownFileType = file.storyboard; name = Base; path = Base.lproj/LaunchScreen.storyboard; sourceTree = "<group>"; };
		3E9F154426E5129A00AD65B7 /* Info.plist */ = {isa = PBXFileReference; lastKnownFileType = text.plist.xml; path = Info.plist; sourceTree = "<group>"; };
		3E9F154B26E51FBC00AD65B7 /* MainParserPresenter.swift */ = {isa = PBXFileReference; lastKnownFileType = sourcecode.swift; path = MainParserPresenter.swift; sourceTree = "<group>"; };
		3E9F154C26E51FBC00AD65B7 /* MainParserWorker.swift */ = {isa = PBXFileReference; lastKnownFileType = sourcecode.swift; path = MainParserWorker.swift; sourceTree = "<group>"; };
		3E9F154D26E51FBC00AD65B7 /* MainParserRouter.swift */ = {isa = PBXFileReference; lastKnownFileType = sourcecode.swift; path = MainParserRouter.swift; sourceTree = "<group>"; };
		3E9F154E26E51FBC00AD65B7 /* MainParserModels.swift */ = {isa = PBXFileReference; lastKnownFileType = sourcecode.swift; path = MainParserModels.swift; sourceTree = "<group>"; };
		3E9F154F26E51FBC00AD65B7 /* MainParserViewController.swift */ = {isa = PBXFileReference; lastKnownFileType = sourcecode.swift; path = MainParserViewController.swift; sourceTree = "<group>"; };
		3E9F155026E51FBC00AD65B7 /* MainParserInteractor.swift */ = {isa = PBXFileReference; lastKnownFileType = sourcecode.swift; path = MainParserInteractor.swift; sourceTree = "<group>"; };
		3E9F155A26E5229900AD65B7 /* ParsingService.swift */ = {isa = PBXFileReference; lastKnownFileType = sourcecode.swift; path = ParsingService.swift; sourceTree = "<group>"; };
		3E9F155C26E5245400AD65B7 /* NetworkDataFecther.swift */ = {isa = PBXFileReference; lastKnownFileType = sourcecode.swift; path = NetworkDataFecther.swift; sourceTree = "<group>"; };
		3E9F155E26E526CB00AD65B7 /* NetworkService.swift */ = {isa = PBXFileReference; lastKnownFileType = sourcecode.swift; path = NetworkService.swift; sourceTree = "<group>"; };
		3EB07CE82712151600ACB989 /* LoadingCell.swift */ = {isa = PBXFileReference; lastKnownFileType = sourcecode.swift; path = LoadingCell.swift; sourceTree = "<group>"; };
		3EB0982F272AF9A60034A570 /* UILabel.swift */ = {isa = PBXFileReference; lastKnownFileType = sourcecode.swift; path = UILabel.swift; sourceTree = "<group>"; };
		3EB09831272B02D60034A570 /* AlertManager.swift */ = {isa = PBXFileReference; lastKnownFileType = sourcecode.swift; path = AlertManager.swift; sourceTree = "<group>"; };
		3EBE817D272D555200A4212D /* MainCollectionView.swift */ = {isa = PBXFileReference; lastKnownFileType = sourcecode.swift; path = MainCollectionView.swift; sourceTree = "<group>"; };
		3EBE8181272D587C00A4212D /* TitileCollectionCell.swift */ = {isa = PBXFileReference; lastKnownFileType = sourcecode.swift; path = TitileCollectionCell.swift; sourceTree = "<group>"; };
		3ECC7226272D0B5400ABDA3C /* MainListTableView.swift.swift */ = {isa = PBXFileReference; lastKnownFileType = sourcecode.swift; path = MainListTableView.swift.swift; sourceTree = "<group>"; };
		3EFFBF8126FF71E30083CA56 /* MangaModels.swift */ = {isa = PBXFileReference; lastKnownFileType = sourcecode.swift; path = MangaModels.swift; sourceTree = "<group>"; };
		3EFFBF84270073F80083CA56 /* MangaTitleCell.swift */ = {isa = PBXFileReference; lastKnownFileType = sourcecode.swift; path = MangaTitleCell.swift; sourceTree = "<group>"; };
		3EFFBF872700A8D00083CA56 /* Extension.swift */ = {isa = PBXFileReference; lastKnownFileType = sourcecode.swift; path = Extension.swift; sourceTree = "<group>"; };
/* End PBXFileReference section */

/* Begin PBXFrameworksBuildPhase section */
		3E9F153026E5129600AD65B7 /* Frameworks */ = {
			isa = PBXFrameworksBuildPhase;
			buildActionMask = 2147483647;
			files = (
				3E54127226FCF76400CF8F5D /* Kingfisher in Frameworks */,
				3E54126C26FCF6E700CF8F5D /* SnapKit in Frameworks */,
				3E54126F26FCF71F00CF8F5D /* SwiftSoup in Frameworks */,
			);
			runOnlyForDeploymentPostprocessing = 0;
		};
/* End PBXFrameworksBuildPhase section */

/* Begin PBXGroup section */
		3E9F152A26E5129600AD65B7 = {
			isa = PBXGroup;
			children = (
				3E9F153526E5129600AD65B7 /* Parser */,
				3E9F153426E5129600AD65B7 /* Products */,
			);
			sourceTree = "<group>";
		};
		3E9F153426E5129600AD65B7 /* Products */ = {
			isa = PBXGroup;
			children = (
				3E9F153326E5129600AD65B7 /* Parser.app */,
			);
			name = Products;
			sourceTree = "<group>";
		};
		3E9F153526E5129600AD65B7 /* Parser */ = {
			isa = PBXGroup;
			children = (
				3E9F153626E5129600AD65B7 /* AppDelegate.swift */,
				3EFFBF8026FF71CA0083CA56 /* Models */,
				3E9F154A26E51F4D00AD65B7 /* MainParserView */,
				3EFFBF862700A8B30083CA56 /* Helper */,
				3E9F155926E5220800AD65B7 /* NetworkAndParsingService */,
				3E9F153F26E5129A00AD65B7 /* Assets.xcassets */,
				3E9F154126E5129A00AD65B7 /* LaunchScreen.storyboard */,
				3E9F154426E5129A00AD65B7 /* Info.plist */,
			);
			path = Parser;
			sourceTree = "<group>";
		};
		3E9F154A26E51F4D00AD65B7 /* MainParserView */ = {
			isa = PBXGroup;
			children = (
				3EFFBF83270073B30083CA56 /* Main */,
				3E9F154F26E51FBC00AD65B7 /* MainParserViewController.swift */,
				3E9F155026E51FBC00AD65B7 /* MainParserInteractor.swift */,
				3E9F154B26E51FBC00AD65B7 /* MainParserPresenter.swift */,
				3E9F154D26E51FBC00AD65B7 /* MainParserRouter.swift */,
				3E9F154C26E51FBC00AD65B7 /* MainParserWorker.swift */,
				3E9F154E26E51FBC00AD65B7 /* MainParserModels.swift */,
			);
			path = MainParserView;
			sourceTree = "<group>";
		};
		3E9F155926E5220800AD65B7 /* NetworkAndParsingService */ = {
			isa = PBXGroup;
			children = (
				3E9F155A26E5229900AD65B7 /* ParsingService.swift */,
				3E9F155C26E5245400AD65B7 /* NetworkDataFecther.swift */,
				3E9F155E26E526CB00AD65B7 /* NetworkService.swift */,
			);
			path = NetworkAndParsingService;
			sourceTree = "<group>";
		};
		3EBE817A272D54FB00A4212D /* MainTableView */ = {
			isa = PBXGroup;
			children = (
				3EBE817B272D551200A4212D /* Cells */,
				3ECC7226272D0B5400ABDA3C /* MainListTableView.swift.swift */,
			);
			path = MainTableView;
			sourceTree = "<group>";
		};
		3EBE817B272D551200A4212D /* Cells */ = {
			isa = PBXGroup;
			children = (
				3EFFBF84270073F80083CA56 /* MangaTitleCell.swift */,
				3EB07CE82712151600ACB989 /* LoadingCell.swift */,
			);
			path = Cells;
			sourceTree = "<group>";
		};
		3EBE817C272D553100A4212D /* MainCollectionView */ = {
			isa = PBXGroup;
			children = (
				3EBE817F272D585C00A4212D /* Cells */,
				3EBE817D272D555200A4212D /* MainCollectionView.swift */,
			);
			path = MainCollectionView;
			sourceTree = "<group>";
		};
		3EBE817F272D585C00A4212D /* Cells */ = {
			isa = PBXGroup;
			children = (
				3EBE8181272D587C00A4212D /* TitileCollectionCell.swift */,
			);
			path = Cells;
			sourceTree = "<group>";
		};
		3EFFBF8026FF71CA0083CA56 /* Models */ = {
			isa = PBXGroup;
			children = (
				3EFFBF8126FF71E30083CA56 /* MangaModels.swift */,
			);
			path = Models;
			sourceTree = "<group>";
		};
		3EFFBF83270073B30083CA56 /* Main */ = {
			isa = PBXGroup;
			children = (
				3EBE817C272D553100A4212D /* MainCollectionView */,
				3EBE817A272D54FB00A4212D /* MainTableView */,
			);
			path = Main;
			sourceTree = "<group>";
		};
		3EFFBF862700A8B30083CA56 /* Helper */ = {
			isa = PBXGroup;
			children = (
				3EFFBF872700A8D00083CA56 /* Extension.swift */,
				3EB0982F272AF9A60034A570 /* UILabel.swift */,
				3EB09831272B02D60034A570 /* AlertManager.swift */,
				3E45099327405B4A0061C4FF /* UIImage.swift */,
			);
			path = Helper;
			sourceTree = "<group>";
		};
/* End PBXGroup section */

/* Begin PBXNativeTarget section */
		3E9F153226E5129600AD65B7 /* Parser */ = {
			isa = PBXNativeTarget;
			buildConfigurationList = 3E9F154726E5129A00AD65B7 /* Build configuration list for PBXNativeTarget "Parser" */;
			buildPhases = (
				3E9F152F26E5129600AD65B7 /* Sources */,
				3E9F153026E5129600AD65B7 /* Frameworks */,
				3E9F153126E5129600AD65B7 /* Resources */,
			);
			buildRules = (
			);
			dependencies = (
			);
			name = Parser;
			packageProductDependencies = (
				3E54126B26FCF6E700CF8F5D /* SnapKit */,
				3E54126E26FCF71F00CF8F5D /* SwiftSoup */,
				3E54127126FCF76400CF8F5D /* Kingfisher */,
			);
			productName = Parser;
			productReference = 3E9F153326E5129600AD65B7 /* Parser.app */;
			productType = "com.apple.product-type.application";
		};
/* End PBXNativeTarget section */

/* Begin PBXProject section */
		3E9F152B26E5129600AD65B7 /* Project object */ = {
			isa = PBXProject;
			attributes = {
				LastSwiftUpdateCheck = 1250;
				LastUpgradeCheck = 1250;
				TargetAttributes = {
					3E9F153226E5129600AD65B7 = {
						CreatedOnToolsVersion = 12.5.1;
					};
				};
			};
			buildConfigurationList = 3E9F152E26E5129600AD65B7 /* Build configuration list for PBXProject "Parser" */;
			compatibilityVersion = "Xcode 9.3";
			developmentRegion = en;
			hasScannedForEncodings = 0;
			knownRegions = (
				en,
				Base,
			);
			mainGroup = 3E9F152A26E5129600AD65B7;
			packageReferences = (
				3E54126A26FCF6E700CF8F5D /* XCRemoteSwiftPackageReference "SnapKit" */,
				3E54126D26FCF71F00CF8F5D /* XCRemoteSwiftPackageReference "SwiftSoup" */,
				3E54127026FCF76400CF8F5D /* XCRemoteSwiftPackageReference "Kingfisher" */,
			);
			productRefGroup = 3E9F153426E5129600AD65B7 /* Products */;
			projectDirPath = "";
			projectRoot = "";
			targets = (
				3E9F153226E5129600AD65B7 /* Parser */,
			);
		};
/* End PBXProject section */

/* Begin PBXResourcesBuildPhase section */
		3E9F153126E5129600AD65B7 /* Resources */ = {
			isa = PBXResourcesBuildPhase;
			buildActionMask = 2147483647;
			files = (
				3E9F154326E5129A00AD65B7 /* LaunchScreen.storyboard in Resources */,
				3E9F154026E5129A00AD65B7 /* Assets.xcassets in Resources */,
			);
			runOnlyForDeploymentPostprocessing = 0;
		};
/* End PBXResourcesBuildPhase section */

/* Begin PBXSourcesBuildPhase section */
		3E9F152F26E5129600AD65B7 /* Sources */ = {
			isa = PBXSourcesBuildPhase;
			buildActionMask = 2147483647;
			files = (
				3EBE8182272D587C00A4212D /* TitileCollectionCell.swift in Sources */,
				3E45099427405B4A0061C4FF /* UIImage.swift in Sources */,
				3E9F155F26E526CB00AD65B7 /* NetworkService.swift in Sources */,
				3E9F155226E51FBD00AD65B7 /* MainParserPresenter.swift in Sources */,
				3EB09832272B02D60034A570 /* AlertManager.swift in Sources */,
				3EFFBF8226FF71E30083CA56 /* MangaModels.swift in Sources */,
				3E9F155326E51FBD00AD65B7 /* MainParserWorker.swift in Sources */,
				3EB07CE92712151600ACB989 /* LoadingCell.swift in Sources */,
				3EBE817E272D555200A4212D /* MainCollectionView.swift in Sources */,
				3E9F155726E51FBD00AD65B7 /* MainParserInteractor.swift in Sources */,
				3E9F155626E51FBD00AD65B7 /* MainParserViewController.swift in Sources */,
				3E9F155D26E5245400AD65B7 /* NetworkDataFecther.swift in Sources */,
				3E9F155B26E5229900AD65B7 /* ParsingService.swift in Sources */,
				3ECC7227272D0B5400ABDA3C /* MainListTableView.swift.swift in Sources */,
				3E9F155426E51FBD00AD65B7 /* MainParserRouter.swift in Sources */,
				3EB09830272AF9A70034A570 /* UILabel.swift in Sources */,
				3EFFBF882700A8D10083CA56 /* Extension.swift in Sources */,
				3EFFBF85270073F80083CA56 /* MangaTitleCell.swift in Sources */,
				3E9F153726E5129600AD65B7 /* AppDelegate.swift in Sources */,
				3E9F155526E51FBD00AD65B7 /* MainParserModels.swift in Sources */,
			);
			runOnlyForDeploymentPostprocessing = 0;
		};
/* End PBXSourcesBuildPhase section */

/* Begin PBXVariantGroup section */
		3E9F154126E5129A00AD65B7 /* LaunchScreen.storyboard */ = {
			isa = PBXVariantGroup;
			children = (
				3E9F154226E5129A00AD65B7 /* Base */,
			);
			name = LaunchScreen.storyboard;
			sourceTree = "<group>";
		};
/* End PBXVariantGroup section */

/* Begin XCBuildConfiguration section */
		3E9F154526E5129A00AD65B7 /* Debug */ = {
			isa = XCBuildConfiguration;
			buildSettings = {
				ALWAYS_SEARCH_USER_PATHS = NO;
				CLANG_ANALYZER_NONNULL = YES;
				CLANG_ANALYZER_NUMBER_OBJECT_CONVERSION = YES_AGGRESSIVE;
				CLANG_CXX_LANGUAGE_STANDARD = "gnu++14";
				CLANG_CXX_LIBRARY = "libc++";
				CLANG_ENABLE_MODULES = YES;
				CLANG_ENABLE_OBJC_ARC = YES;
				CLANG_ENABLE_OBJC_WEAK = YES;
				CLANG_WARN_BLOCK_CAPTURE_AUTORELEASING = YES;
				CLANG_WARN_BOOL_CONVERSION = YES;
				CLANG_WARN_COMMA = YES;
				CLANG_WARN_CONSTANT_CONVERSION = YES;
				CLANG_WARN_DEPRECATED_OBJC_IMPLEMENTATIONS = YES;
				CLANG_WARN_DIRECT_OBJC_ISA_USAGE = YES_ERROR;
				CLANG_WARN_DOCUMENTATION_COMMENTS = YES;
				CLANG_WARN_EMPTY_BODY = YES;
				CLANG_WARN_ENUM_CONVERSION = YES;
				CLANG_WARN_INFINITE_RECURSION = YES;
				CLANG_WARN_INT_CONVERSION = YES;
				CLANG_WARN_NON_LITERAL_NULL_CONVERSION = YES;
				CLANG_WARN_OBJC_IMPLICIT_RETAIN_SELF = YES;
				CLANG_WARN_OBJC_LITERAL_CONVERSION = YES;
				CLANG_WARN_OBJC_ROOT_CLASS = YES_ERROR;
				CLANG_WARN_QUOTED_INCLUDE_IN_FRAMEWORK_HEADER = YES;
				CLANG_WARN_RANGE_LOOP_ANALYSIS = YES;
				CLANG_WARN_STRICT_PROTOTYPES = YES;
				CLANG_WARN_SUSPICIOUS_MOVE = YES;
				CLANG_WARN_UNGUARDED_AVAILABILITY = YES_AGGRESSIVE;
				CLANG_WARN_UNREACHABLE_CODE = YES;
				CLANG_WARN__DUPLICATE_METHOD_MATCH = YES;
				COPY_PHASE_STRIP = NO;
				DEBUG_INFORMATION_FORMAT = dwarf;
				ENABLE_STRICT_OBJC_MSGSEND = YES;
				ENABLE_TESTABILITY = YES;
				GCC_C_LANGUAGE_STANDARD = gnu11;
				GCC_DYNAMIC_NO_PIC = NO;
				GCC_NO_COMMON_BLOCKS = YES;
				GCC_OPTIMIZATION_LEVEL = 0;
				GCC_PREPROCESSOR_DEFINITIONS = (
					"DEBUG=1",
					"$(inherited)",
				);
				GCC_WARN_64_TO_32_BIT_CONVERSION = YES;
				GCC_WARN_ABOUT_RETURN_TYPE = YES_ERROR;
				GCC_WARN_UNDECLARED_SELECTOR = YES;
				GCC_WARN_UNINITIALIZED_AUTOS = YES_AGGRESSIVE;
				GCC_WARN_UNUSED_FUNCTION = YES;
				GCC_WARN_UNUSED_VARIABLE = YES;
				IPHONEOS_DEPLOYMENT_TARGET = 12.3;
				MTL_ENABLE_DEBUG_INFO = INCLUDE_SOURCE;
				MTL_FAST_MATH = YES;
				ONLY_ACTIVE_ARCH = YES;
				SDKROOT = iphoneos;
				SWIFT_ACTIVE_COMPILATION_CONDITIONS = DEBUG;
				SWIFT_OPTIMIZATION_LEVEL = "-Onone";
			};
			name = Debug;
		};
		3E9F154626E5129A00AD65B7 /* Release */ = {
			isa = XCBuildConfiguration;
			buildSettings = {
				ALWAYS_SEARCH_USER_PATHS = NO;
				CLANG_ANALYZER_NONNULL = YES;
				CLANG_ANALYZER_NUMBER_OBJECT_CONVERSION = YES_AGGRESSIVE;
				CLANG_CXX_LANGUAGE_STANDARD = "gnu++14";
				CLANG_CXX_LIBRARY = "libc++";
				CLANG_ENABLE_MODULES = YES;
				CLANG_ENABLE_OBJC_ARC = YES;
				CLANG_ENABLE_OBJC_WEAK = YES;
				CLANG_WARN_BLOCK_CAPTURE_AUTORELEASING = YES;
				CLANG_WARN_BOOL_CONVERSION = YES;
				CLANG_WARN_COMMA = YES;
				CLANG_WARN_CONSTANT_CONVERSION = YES;
				CLANG_WARN_DEPRECATED_OBJC_IMPLEMENTATIONS = YES;
				CLANG_WARN_DIRECT_OBJC_ISA_USAGE = YES_ERROR;
				CLANG_WARN_DOCUMENTATION_COMMENTS = YES;
				CLANG_WARN_EMPTY_BODY = YES;
				CLANG_WARN_ENUM_CONVERSION = YES;
				CLANG_WARN_INFINITE_RECURSION = YES;
				CLANG_WARN_INT_CONVERSION = YES;
				CLANG_WARN_NON_LITERAL_NULL_CONVERSION = YES;
				CLANG_WARN_OBJC_IMPLICIT_RETAIN_SELF = YES;
				CLANG_WARN_OBJC_LITERAL_CONVERSION = YES;
				CLANG_WARN_OBJC_ROOT_CLASS = YES_ERROR;
				CLANG_WARN_QUOTED_INCLUDE_IN_FRAMEWORK_HEADER = YES;
				CLANG_WARN_RANGE_LOOP_ANALYSIS = YES;
				CLANG_WARN_STRICT_PROTOTYPES = YES;
				CLANG_WARN_SUSPICIOUS_MOVE = YES;
				CLANG_WARN_UNGUARDED_AVAILABILITY = YES_AGGRESSIVE;
				CLANG_WARN_UNREACHABLE_CODE = YES;
				CLANG_WARN__DUPLICATE_METHOD_MATCH = YES;
				COPY_PHASE_STRIP = NO;
				DEBUG_INFORMATION_FORMAT = "dwarf-with-dsym";
				ENABLE_NS_ASSERTIONS = NO;
				ENABLE_STRICT_OBJC_MSGSEND = YES;
				GCC_C_LANGUAGE_STANDARD = gnu11;
				GCC_NO_COMMON_BLOCKS = YES;
				GCC_WARN_64_TO_32_BIT_CONVERSION = YES;
				GCC_WARN_ABOUT_RETURN_TYPE = YES_ERROR;
				GCC_WARN_UNDECLARED_SELECTOR = YES;
				GCC_WARN_UNINITIALIZED_AUTOS = YES_AGGRESSIVE;
				GCC_WARN_UNUSED_FUNCTION = YES;
				GCC_WARN_UNUSED_VARIABLE = YES;
				IPHONEOS_DEPLOYMENT_TARGET = 12.3;
				MTL_ENABLE_DEBUG_INFO = NO;
				MTL_FAST_MATH = YES;
				SDKROOT = iphoneos;
				SWIFT_COMPILATION_MODE = wholemodule;
				SWIFT_OPTIMIZATION_LEVEL = "-O";
				VALIDATE_PRODUCT = YES;
			};
			name = Release;
		};
		3E9F154826E5129A00AD65B7 /* Debug */ = {
			isa = XCBuildConfiguration;
			buildSettings = {
				ASSETCATALOG_COMPILER_APPICON_NAME = AppIcon;
				ASSETCATALOG_COMPILER_GLOBAL_ACCENT_COLOR_NAME = AccentColor;
				CODE_SIGN_IDENTITY = "Apple Development";
				CODE_SIGN_STYLE = Automatic;
				DEVELOPMENT_TEAM = 7MH8KA7J8V;
				INFOPLIST_FILE = Parser/Info.plist;
				LD_RUNPATH_SEARCH_PATHS = (
					"$(inherited)",
					"@executable_path/Frameworks",
				);
				PRODUCT_BUNDLE_IDENTIFIER = KirillTila.Parser;
				PRODUCT_NAME = "$(TARGET_NAME)";
				PROVISIONING_PROFILE_SPECIFIER = "";
				SWIFT_VERSION = 5.0;
				TARGETED_DEVICE_FAMILY = "1,2";
			};
			name = Debug;
		};
		3E9F154926E5129A00AD65B7 /* Release */ = {
			isa = XCBuildConfiguration;
			buildSettings = {
				ASSETCATALOG_COMPILER_APPICON_NAME = AppIcon;
				ASSETCATALOG_COMPILER_GLOBAL_ACCENT_COLOR_NAME = AccentColor;
				CODE_SIGN_IDENTITY = "Apple Development";
				CODE_SIGN_STYLE = Automatic;
				DEVELOPMENT_TEAM = 7MH8KA7J8V;
				INFOPLIST_FILE = Parser/Info.plist;
				LD_RUNPATH_SEARCH_PATHS = (
					"$(inherited)",
					"@executable_path/Frameworks",
				);
				PRODUCT_BUNDLE_IDENTIFIER = KirillTila.Parser;
				PRODUCT_NAME = "$(TARGET_NAME)";
				PROVISIONING_PROFILE_SPECIFIER = "";
				SWIFT_VERSION = 5.0;
				TARGETED_DEVICE_FAMILY = "1,2";
			};
			name = Release;
		};
/* End XCBuildConfiguration section */

/* Begin XCConfigurationList section */
		3E9F152E26E5129600AD65B7 /* Build configuration list for PBXProject "Parser" */ = {
			isa = XCConfigurationList;
			buildConfigurations = (
				3E9F154526E5129A00AD65B7 /* Debug */,
				3E9F154626E5129A00AD65B7 /* Release */,
			);
			defaultConfigurationIsVisible = 0;
			defaultConfigurationName = Release;
		};
		3E9F154726E5129A00AD65B7 /* Build configuration list for PBXNativeTarget "Parser" */ = {
			isa = XCConfigurationList;
			buildConfigurations = (
				3E9F154826E5129A00AD65B7 /* Debug */,
				3E9F154926E5129A00AD65B7 /* Release */,
			);
			defaultConfigurationIsVisible = 0;
			defaultConfigurationName = Release;
		};
/* End XCConfigurationList section */

/* Begin XCRemoteSwiftPackageReference section */
		3E54126A26FCF6E700CF8F5D /* XCRemoteSwiftPackageReference "SnapKit" */ = {
			isa = XCRemoteSwiftPackageReference;
			repositoryURL = "https://github.com/SnapKit/SnapKit.git";
			requirement = {
				kind = upToNextMajorVersion;
				minimumVersion = 5.0.0;
			};
		};
		3E54126D26FCF71F00CF8F5D /* XCRemoteSwiftPackageReference "SwiftSoup" */ = {
			isa = XCRemoteSwiftPackageReference;
			repositoryURL = "https://github.com/scinfu/SwiftSoup.git";
			requirement = {
				kind = upToNextMajorVersion;
				minimumVersion = 2.0.0;
			};
		};
		3E54127026FCF76400CF8F5D /* XCRemoteSwiftPackageReference "Kingfisher" */ = {
			isa = XCRemoteSwiftPackageReference;
			repositoryURL = "https://github.com/onevcat/Kingfisher.git";
			requirement = {
				kind = upToNextMajorVersion;
				minimumVersion = 7.0.0;
			};
		};
/* End XCRemoteSwiftPackageReference section */

/* Begin XCSwiftPackageProductDependency section */
		3E54126B26FCF6E700CF8F5D /* SnapKit */ = {
			isa = XCSwiftPackageProductDependency;
			package = 3E54126A26FCF6E700CF8F5D /* XCRemoteSwiftPackageReference "SnapKit" */;
			productName = SnapKit;
		};
		3E54126E26FCF71F00CF8F5D /* SwiftSoup */ = {
			isa = XCSwiftPackageProductDependency;
			package = 3E54126D26FCF71F00CF8F5D /* XCRemoteSwiftPackageReference "SwiftSoup" */;
			productName = SwiftSoup;
		};
		3E54127126FCF76400CF8F5D /* Kingfisher */ = {
			isa = XCSwiftPackageProductDependency;
			package = 3E54127026FCF76400CF8F5D /* XCRemoteSwiftPackageReference "Kingfisher" */;
			productName = Kingfisher;
		};
/* End XCSwiftPackageProductDependency section */
	};
	rootObject = 3E9F152B26E5129600AD65B7 /* Project object */;
}
